
Microsoft Visual Studio Solution File, Format Version 12.00
# Visual Studio Version 16
VisualStudioVersion = 16.0.30114.105
MinimumVisualStudioVersion = 10.0.40219.1
Project("{FAE04EC0-301F-11D3-BF4B-00C04F79EFBC}") = "Tutoria_viernes_09_abril", "Tutoria_viernes_09_abril\Tutoria_viernes_09_abril.csproj", "{69D8EB78-04AD-4FAC-9785-7299A0C178A9}"
EndProject
Global
	GlobalSection(SolutionConfigurationPlatforms) = preSolution
		Debug|Any CPU = Debug|Any CPU
		Release|Any CPU = Release|Any CPU
	EndGlobalSection
	GlobalSection(ProjectConfigurationPlatforms) = postSolution
		{69D8EB78-04AD-4FAC-9785-7299A0C178A9}.Debug|Any CPU.ActiveCfg = Debug|Any CPU
		{69D8EB78-04AD-4FAC-9785-7299A0C178A9}.Debug|Any CPU.Build.0 = Debug|Any CPU
		{69D8EB78-04AD-4FAC-9785-7299A0C178A9}.Release|Any CPU.ActiveCfg = Release|Any CPU
		{69D8EB78-04AD-4FAC-9785-7299A0C178A9}.Release|Any CPU.Build.0 = Release|Any CPU
	EndGlobalSection
	GlobalSection(SolutionProperties) = preSolution
		HideSolutionNode = FALSE
	EndGlobalSection
	GlobalSection(ExtensibilityGlobals) = postSolution
		SolutionGuid = {08FFFF2E-E6E5-4083-ABDC-0A8581A68096}
	EndGlobalSection
EndGlobal
