
Microsoft Visual Studio Solution File, Format Version 12.00
# Visual Studio Version 16
VisualStudioVersion = 16.0.30114.105
MinimumVisualStudioVersion = 10.0.40219.1
Project("{FAE04EC0-301F-11D3-BF4B-00C04F79EFBC}") = "Practica tutoria", "Practica tutoria\Practica tutoria.csproj", "{A6480C6E-988F-4872-A86A-318A9002AEB4}"
EndProject
Global
	GlobalSection(SolutionConfigurationPlatforms) = preSolution
		Debug|Any CPU = Debug|Any CPU
		Release|Any CPU = Release|Any CPU
	EndGlobalSection
	GlobalSection(ProjectConfigurationPlatforms) = postSolution
		{A6480C6E-988F-4872-A86A-318A9002AEB4}.Debug|Any CPU.ActiveCfg = Debug|Any CPU
		{A6480C6E-988F-4872-A86A-318A9002AEB4}.Debug|Any CPU.Build.0 = Debug|Any CPU
		{A6480C6E-988F-4872-A86A-318A9002AEB4}.Release|Any CPU.ActiveCfg = Release|Any CPU
		{A6480C6E-988F-4872-A86A-318A9002AEB4}.Release|Any CPU.Build.0 = Release|Any CPU
	EndGlobalSection
	GlobalSection(SolutionProperties) = preSolution
		HideSolutionNode = FALSE
	EndGlobalSection
	GlobalSection(ExtensibilityGlobals) = postSolution
		SolutionGuid = {4116704E-FAC4-4946-AD86-EDEA0CA2FA82}
	EndGlobalSection
EndGlobal
